
Microsoft Visual Studio Solution File, Format Version 12.00
# Visual Studio Version 17
VisualStudioVersion = 17.2.32526.322
MinimumVisualStudioVersion = 10.0.40219.1
Project("{FAE04EC0-301F-11D3-BF4B-00C04F79EFBC}") = "ParanoidAndroid", "ParanoidAndroid\ParanoidAndroid.csproj", "{D911347D-F1A1-473C-9DB5-04F9CDD35B36}"
EndProject
Global
	GlobalSection(SolutionConfigurationPlatforms) = preSolution
		Debug|Any CPU = Debug|Any CPU
		Release|Any CPU = Release|Any CPU
	EndGlobalSection
	GlobalSection(ProjectConfigurationPlatforms) = postSolution
		{D911347D-F1A1-473C-9DB5-04F9CDD35B36}.Debug|Any CPU.ActiveCfg = Debug|Any CPU
		{D911347D-F1A1-473C-9DB5-04F9CDD35B36}.Debug|Any CPU.Build.0 = Debug|Any CPU
		{D911347D-F1A1-473C-9DB5-04F9CDD35B36}.Release|Any CPU.ActiveCfg = Release|Any CPU
		{D911347D-F1A1-473C-9DB5-04F9CDD35B36}.Release|Any CPU.Build.0 = Release|Any CPU
	EndGlobalSection
	GlobalSection(SolutionProperties) = preSolution
		HideSolutionNode = FALSE
	EndGlobalSection
	GlobalSection(ExtensibilityGlobals) = postSolution
		SolutionGuid = {ADE150E3-2067-448E-9A6C-6B7895961470}
	EndGlobalSection
EndGlobal
